// !$*UTF8*$!
{
	archiveVersion = 1;
	classes = {
	};
	objectVersion = 46;
	objects = {

/* Begin PBXBuildFile section */
		08CD494FD79C130577D24109 /* Pods_Oxford_Brookes_Bus.framework in Frameworks */ = {isa = PBXBuildFile; fileRef = AB81898226276427AA18CC79 /* Pods_Oxford_Brookes_Bus.framework */; settings = {ATTRIBUTES = (Weak, ); }; };
		4E3B8100393516602FFA4A41 /* Pods_Oxford_Brookes_BusTests.framework in Frameworks */ = {isa = PBXBuildFile; fileRef = 8D7895C7E82171E30A4998B7 /* Pods_Oxford_Brookes_BusTests.framework */; settings = {ATTRIBUTES = (Weak, ); }; };
		7F108CE81B79B475003E90DA /* OxonTimeAPI.swift in Sources */ = {isa = PBXBuildFile; fileRef = 7F108CE71B79B475003E90DA /* OxonTimeAPI.swift */; };
		7F108CEA1B79B6D0003E90DA /* HTTPClient.swift in Sources */ = {isa = PBXBuildFile; fileRef = 7F108CE91B79B6D0003E90DA /* HTTPClient.swift */; };
		7F108CEC1B7B0437003E90DA /* HTMLParser.swift in Sources */ = {isa = PBXBuildFile; fileRef = 7F108CEB1B7B0437003E90DA /* HTMLParser.swift */; };
		7F108CEE1B7D1CAB003E90DA /* StopInformationTuple.swift in Sources */ = {isa = PBXBuildFile; fileRef = 7F108CED1B7D1CAB003E90DA /* StopInformationTuple.swift */; };
		7F108CF01B8180E0003E90DA /* ThreadFactory.swift in Sources */ = {isa = PBXBuildFile; fileRef = 7F108CEF1B8180E0003E90DA /* ThreadFactory.swift */; };
		7F1230CB1B3D705B00895909 /* MapKit.framework in Frameworks */ = {isa = PBXBuildFile; fileRef = 7F1230CA1B3D705B00895909 /* MapKit.framework */; };
		7F1230CF1B3D813100895909 /* StopMKAnnotation.swift in Sources */ = {isa = PBXBuildFile; fileRef = 7F1230CE1B3D813100895909 /* StopMKAnnotation.swift */; };
		7F2287351B75C437006DA55D /* StopNumber.swift in Sources */ = {isa = PBXBuildFile; fileRef = 7F2287341B75C437006DA55D /* StopNumber.swift */; };
		7F2287371B75C4EF006DA55D /* StopNumberManager.swift in Sources */ = {isa = PBXBuildFile; fileRef = 7F2287361B75C4EF006DA55D /* StopNumberManager.swift */; };
		7F306C2A1AF3A83200C9605D /* BusRoute.swift in Sources */ = {isa = PBXBuildFile; fileRef = 7F306C291AF3A83200C9605D /* BusRoute.swift */; };
		7F306C2E1AF3BA9F00C9605D /* Stop.swift in Sources */ = {isa = PBXBuildFile; fileRef = 7F306C2D1AF3BA9F00C9605D /* Stop.swift */; };
		7F3BBDBB1AF2A7BC0042C239 /* MapViewController.swift in Sources */ = {isa = PBXBuildFile; fileRef = 7F3BBDBA1AF2A7BC0042C239 /* MapViewController.swift */; };
		7F3C122D1AF1771B001EC7E5 /* RoutesTableViewController.swift in Sources */ = {isa = PBXBuildFile; fileRef = 7F3C122C1AF1771B001EC7E5 /* RoutesTableViewController.swift */; };
		7F41D8F81AF6E4E000694800 /* RAMBounceAnimation.swift in Sources */ = {isa = PBXBuildFile; fileRef = 7F41D8ED1AF6E4E000694800 /* RAMBounceAnimation.swift */; };
		7F41D8F91AF6E4E000694800 /* RAMFrameItemAnimation.swift in Sources */ = {isa = PBXBuildFile; fileRef = 7F41D8EF1AF6E4E000694800 /* RAMFrameItemAnimation.swift */; };
		7F41D8FA1AF6E4E000694800 /* RAMFumeAnimation.swift in Sources */ = {isa = PBXBuildFile; fileRef = 7F41D8F11AF6E4E000694800 /* RAMFumeAnimation.swift */; };
		7F41D8FB1AF6E4E000694800 /* RAMRotationAnimation.swift in Sources */ = {isa = PBXBuildFile; fileRef = 7F41D8F31AF6E4E000694800 /* RAMRotationAnimation.swift */; };
		7F41D8FC1AF6E4E000694800 /* RAMTransitionItemAnimation.swift in Sources */ = {isa = PBXBuildFile; fileRef = 7F41D8F51AF6E4E000694800 /* RAMTransitionItemAnimation.swift */; };
		7F41D8FD1AF6E4E000694800 /* RAMAnimatedTabBarController.swift in Sources */ = {isa = PBXBuildFile; fileRef = 7F41D8F61AF6E4E000694800 /* RAMAnimatedTabBarController.swift */; };
		7F41D8FE1AF6E4E000694800 /* RAMItemAnimationProtocol.swift in Sources */ = {isa = PBXBuildFile; fileRef = 7F41D8F71AF6E4E000694800 /* RAMItemAnimationProtocol.swift */; };
		7F41D9061AF6F9AF00694800 /* Calendar-50.png in Resources */ = {isa = PBXBuildFile; fileRef = 7F41D9051AF6F9AF00694800 /* Calendar-50.png */; };
		7F41D9081AF6F9E300694800 /* Treasure Map-50.png in Resources */ = {isa = PBXBuildFile; fileRef = 7F41D9071AF6F9E300694800 /* Treasure Map-50.png */; };
		7F41D90A1AF7893400694800 /* MapRouteViewController.swift in Sources */ = {isa = PBXBuildFile; fileRef = 7F41D9091AF7893400694800 /* MapRouteViewController.swift */; };
		7F41D92A1AFD00A400694800 /* 0U1MF1505.xls in Resources */ = {isa = PBXBuildFile; fileRef = 7F41D9141AFD00A400694800 /* 0U1MF1505.xls */; };
		7F41D92B1AFD00A400694800 /* 0U1SA1505.xls in Resources */ = {isa = PBXBuildFile; fileRef = 7F41D9151AFD00A400694800 /* 0U1SA1505.xls */; };
		7F41D92C1AFD00A400694800 /* 0U1SU1430.xls in Resources */ = {isa = PBXBuildFile; fileRef = 7F41D9161AFD00A400694800 /* 0U1SU1430.xls */; };
		7F41D92D1AFD00A400694800 /* 0U4MF1430.xls in Resources */ = {isa = PBXBuildFile; fileRef = 7F41D9181AFD00A400694800 /* 0U4MF1430.xls */; };
		7F41D92E1AFD00A400694800 /* 0U5MF1430.xls in Resources */ = {isa = PBXBuildFile; fileRef = 7F41D91A1AFD00A400694800 /* 0U5MF1430.xls */; };
		7F41D92F1AFD00A400694800 /* 0U5SA1430.xls in Resources */ = {isa = PBXBuildFile; fileRef = 7F41D91B1AFD00A400694800 /* 0U5SA1430.xls */; };
		7F41D9301AFD00A400694800 /* 0U5SU1430.xls in Resources */ = {isa = PBXBuildFile; fileRef = 7F41D91C1AFD00A400694800 /* 0U5SU1430.xls */; };
		7F41D9311AFD00A400694800 /* U5XMF1430.RTF in Resources */ = {isa = PBXBuildFile; fileRef = 7F41D91E1AFD00A400694800 /* U5XMF1430.RTF */; };
		7F41D9321AFD00A400694800 /* 0U1MF1438.xls in Resources */ = {isa = PBXBuildFile; fileRef = 7F41D9211AFD00A400694800 /* 0U1MF1438.xls */; };
		7F41D9331AFD00A400694800 /* 0U1SA1435.xls in Resources */ = {isa = PBXBuildFile; fileRef = 7F41D9221AFD00A400694800 /* 0U1SA1435.xls */; };
		7F41D9341AFD00A400694800 /* 0U1SU1435.xls in Resources */ = {isa = PBXBuildFile; fileRef = 7F41D9231AFD00A400694800 /* 0U1SU1435.xls */; };
		7F41D9351AFD00A400694800 /* 0U5MF1435.xls in Resources */ = {isa = PBXBuildFile; fileRef = 7F41D9251AFD00A400694800 /* 0U5MF1435.xls */; };
		7F41D9361AFD00A400694800 /* 0U5SA1435.xls in Resources */ = {isa = PBXBuildFile; fileRef = 7F41D9261AFD00A400694800 /* 0U5SA1435.xls */; };
		7F41D9371AFD00A400694800 /* 0U5SU1435.xls in Resources */ = {isa = PBXBuildFile; fileRef = 7F41D9271AFD00A400694800 /* 0U5SU1435.xls */; };
		7F41D9381AFD00A400694800 /* U5XMF1435.xls in Resources */ = {isa = PBXBuildFile; fileRef = 7F41D9291AFD00A400694800 /* U5XMF1435.xls */; };
		7F41D93B1B00252D00694800 /* ArrayExtension.swift in Sources */ = {isa = PBXBuildFile; fileRef = 7F41D93A1B00252D00694800 /* ArrayExtension.swift */; };
		7F41D93D1B00F30C00694800 /* OBUBusTrackerAppIcon180.png in Resources */ = {isa = PBXBuildFile; fileRef = 7F41D93C1B00F30C00694800 /* OBUBusTrackerAppIcon180.png */; };
		7F41D93F1B00F3B800694800 /* OBUBusTrackerAppIcon120.png in Resources */ = {isa = PBXBuildFile; fileRef = 7F41D93E1B00F3B800694800 /* OBUBusTrackerAppIcon120.png */; };
		7F43F9911B409ED900E25247 /* StringManipulation.swift in Sources */ = {isa = PBXBuildFile; fileRef = 7F43F9901B409ED900E25247 /* StringManipulation.swift */; };
		7F44CA901BE32EA8009DEDE2 /* OnboardingView.swift in Sources */ = {isa = PBXBuildFile; fileRef = 7F44CA8F1BE32EA8009DEDE2 /* OnboardingView.swift */; };
		7F4A20521B0CA3CA004AA6AA /* RoutesTableViewControllerTest.swift in Sources */ = {isa = PBXBuildFile; fileRef = 7F4A20511B0CA3CA004AA6AA /* RoutesTableViewControllerTest.swift */; };
		7F580F031B0A869600D88783 /* NSDateTest.swift in Sources */ = {isa = PBXBuildFile; fileRef = 7F580F021B0A869600D88783 /* NSDateTest.swift */; };
		7F58ACF41B60AFA100689EF4 /* LaunchIcon.png in Resources */ = {isa = PBXBuildFile; fileRef = 7F58ACF31B60AFA100689EF4 /* LaunchIcon.png */; };
		7F5A07B51B5AEEBC00D52B45 /* UIiAdViewController.swift in Sources */ = {isa = PBXBuildFile; fileRef = 7F5A07B41B5AEEBB00D52B45 /* UIiAdViewController.swift */; };
		7F78F67C1BDDE7D300A5B31C /* LiveSchedulerMapViewController.swift in Sources */ = {isa = PBXBuildFile; fileRef = 7F78F67B1BDDE7D300A5B31C /* LiveSchedulerMapViewController.swift */; };
		7F78F67E1BDDEA8100A5B31C /* Constants.swift in Sources */ = {isa = PBXBuildFile; fileRef = 7F78F67D1BDDEA8100A5B31C /* Constants.swift */; };
		7F820D011B0E6F80002CAA53 /* Alarm.swift in Sources */ = {isa = PBXBuildFile; fileRef = 7F820D001B0E6F80002CAA53 /* Alarm.swift */; };
		7F820D051B15FF24002CAA53 /* UIViewExtension.swift in Sources */ = {isa = PBXBuildFile; fileRef = 7F820D041B15FF24002CAA53 /* UIViewExtension.swift */; };
		7F9AC30C1AE81625005D0495 /* ScheduleViewController.swift in Sources */ = {isa = PBXBuildFile; fileRef = 7F9AC30B1AE81625005D0495 /* ScheduleViewController.swift */; };
		7FB6DC681B1C9D3900B9F768 /* Alert.swift in Sources */ = {isa = PBXBuildFile; fileRef = 7FB6DC671B1C9D3900B9F768 /* Alert.swift */; };
		7FBE36111AE541640055D8CD /* AppDelegate.swift in Sources */ = {isa = PBXBuildFile; fileRef = 7FBE36101AE541640055D8CD /* AppDelegate.swift */; };
		7FBE36141AE541640055D8CD /* Oxford_Brookes_Bus.xcdatamodeld in Sources */ = {isa = PBXBuildFile; fileRef = 7FBE36121AE541640055D8CD /* Oxford_Brookes_Bus.xcdatamodeld */; };
		7FBE36191AE541640055D8CD /* Main.storyboard in Resources */ = {isa = PBXBuildFile; fileRef = 7FBE36171AE541640055D8CD /* Main.storyboard */; };
		7FBE361B1AE541640055D8CD /* Images.xcassets in Resources */ = {isa = PBXBuildFile; fileRef = 7FBE361A1AE541640055D8CD /* Images.xcassets */; };
		7FBE361E1AE541640055D8CD /* LaunchScreen.xib in Resources */ = {isa = PBXBuildFile; fileRef = 7FBE361C1AE541640055D8CD /* LaunchScreen.xib */; };
		7FBE362A1AE541640055D8CD /* Oxford_Brookes_BusTests.swift in Sources */ = {isa = PBXBuildFile; fileRef = 7FBE36291AE541640055D8CD /* Oxford_Brookes_BusTests.swift */; };
		7FBE36361AE5421D0055D8CD /* TimeTableViewController.swift in Sources */ = {isa = PBXBuildFile; fileRef = 7FBE36351AE5421D0055D8CD /* TimeTableViewController.swift */; };
		7FBE36381AE6799C0055D8CD /* TimeViewController.swift in Sources */ = {isa = PBXBuildFile; fileRef = 7FBE36371AE6799C0055D8CD /* TimeViewController.swift */; };
		7FBE363A1AE6885C0055D8CD /* NSDateExtension.swift in Sources */ = {isa = PBXBuildFile; fileRef = 7FBE36391AE6885C0055D8CD /* NSDateExtension.swift */; };
		7FBE61CE1B27AF5100C03766 /* tableSwipeArrow.png in Resources */ = {isa = PBXBuildFile; fileRef = 7FBE61CD1B27AF5100C03766 /* tableSwipeArrow.png */; };
		7FC71A811BDF0CFD001249BB /* Armchair.framework in Copy Frameworks */ = {isa = PBXBuildFile; fileRef = 7FC71A761BDF0C1E001249BB /* Armchair.framework */; settings = {ATTRIBUTES = (CodeSignOnCopy, RemoveHeadersOnCopy, ); }; };
		7FDADA8B1B0205180008EC1D /* OBUBusTrackerAppIcon80.png in Resources */ = {isa = PBXBuildFile; fileRef = 7FDADA8A1B0205180008EC1D /* OBUBusTrackerAppIcon80.png */; };
		7FDADA8F1B0617D90008EC1D /* ArrowPathBegin.png in Resources */ = {isa = PBXBuildFile; fileRef = 7FDADA8C1B0617D90008EC1D /* ArrowPathBegin.png */; };
		7FDADA901B0617D90008EC1D /* ArrowPathEnd.png in Resources */ = {isa = PBXBuildFile; fileRef = 7FDADA8D1B0617D90008EC1D /* ArrowPathEnd.png */; };
		7FDADA911B0617D90008EC1D /* ArrowPathMiddle.png in Resources */ = {isa = PBXBuildFile; fileRef = 7FDADA8E1B0617D90008EC1D /* ArrowPathMiddle.png */; };
		7FDD47C21AEE825200FE2235 /* CoreDataModel.swift in Sources */ = {isa = PBXBuildFile; fileRef = 7FDD47C11AEE825200FE2235 /* CoreDataModel.swift */; };
		7FDD6BB81B73CDE80021AF83 /* LiveScheduleViewController.swift in Sources */ = {isa = PBXBuildFile; fileRef = 7FDD6BB71B73CDE80021AF83 /* LiveScheduleViewController.swift */; };
		7FEAAE3B1B46B19900360678 /* iAd.framework in Frameworks */ = {isa = PBXBuildFile; fileRef = 7FEAAE3A1B46B19900360678 /* iAd.framework */; };
		7FEE5BC71AE794A0006118DB /* CustomRouteViewCell.swift in Sources */ = {isa = PBXBuildFile; fileRef = 7FEE5BC61AE794A0006118DB /* CustomRouteViewCell.swift */; };
		7FF624931B5786AD0094A64B /* CustomRouteViweCell.xib in Resources */ = {isa = PBXBuildFile; fileRef = 7FF624921B5786AD0094A64B /* CustomRouteViweCell.xib */; };
		7FF624941B578B830094A64B /* changeDirection.png in Resources */ = {isa = PBXBuildFile; fileRef = 7FF624961B578B830094A64B /* changeDirection.png */; };
/* End PBXBuildFile section */

/* Begin PBXContainerItemProxy section */
		7FBE36241AE541640055D8CD /* PBXContainerItemProxy */ = {
			isa = PBXContainerItemProxy;
			containerPortal = 7FBE36031AE541640055D8CD /* Project object */;
			proxyType = 1;
			remoteGlobalIDString = 7FBE360A1AE541640055D8CD;
			remoteInfo = "Oxford Brookes Bus";
		};
		7FC71A751BDF0C1E001249BB /* PBXContainerItemProxy */ = {
			isa = PBXContainerItemProxy;
			containerPortal = 7FC71A6D1BDF0C1E001249BB /* Armchair.xcodeproj */;
			proxyType = 2;
			remoteGlobalIDString = E6D8B8B519C7274F001AD043;
			remoteInfo = Armchair;
		};
		7FC71A771BDF0C1E001249BB /* PBXContainerItemProxy */ = {
			isa = PBXContainerItemProxy;
			containerPortal = 7FC71A6D1BDF0C1E001249BB /* Armchair.xcodeproj */;
			proxyType = 2;
			remoteGlobalIDString = E6D8B8F919C756A4001AD043;
			remoteInfo = ArmchairMac;
		};
		7FC71A791BDF0C1E001249BB /* PBXContainerItemProxy */ = {
			isa = PBXContainerItemProxy;
			containerPortal = 7FC71A6D1BDF0C1E001249BB /* Armchair.xcodeproj */;
			proxyType = 2;
			remoteGlobalIDString = E6A0AF6519C9CFF400C3A7DC;
			remoteInfo = ArmchairLocalizable;
		};
		7FC71A7B1BDF0C1E001249BB /* PBXContainerItemProxy */ = {
			isa = PBXContainerItemProxy;
			containerPortal = 7FC71A6D1BDF0C1E001249BB /* Armchair.xcodeproj */;
			proxyType = 2;
			remoteGlobalIDString = E6F6159419C9FFDA00C0B51C;
			remoteInfo = ArmchairLocalizableMac;
		};
		7FC71A7D1BDF0C1E001249BB /* PBXContainerItemProxy */ = {
			isa = PBXContainerItemProxy;
			containerPortal = 7FC71A6D1BDF0C1E001249BB /* Armchair.xcodeproj */;
			proxyType = 2;
			remoteGlobalIDString = E6D8B92819C880A9001AD043;
			remoteInfo = ArmchairTests;
		};
		7FC71A7F1BDF0C26001249BB /* PBXContainerItemProxy */ = {
			isa = PBXContainerItemProxy;
			containerPortal = 7FC71A6D1BDF0C1E001249BB /* Armchair.xcodeproj */;
			proxyType = 1;
			remoteGlobalIDString = F8111E3219A95C8B0040E7D1;
			remoteInfo = Armchair;
		};
/* End PBXContainerItemProxy section */

/* Begin PBXCopyFilesBuildPhase section */
		7FC71A561BDF09C1001249BB /* Copy Frameworks */ = {
			isa = PBXCopyFilesBuildPhase;
			buildActionMask = 2147483647;
			dstPath = "";
			dstSubfolderSpec = 10;
			files = (
				7FC71A811BDF0CFD001249BB /* Armchair.framework in Copy Frameworks */,
			);
			name = "Copy Frameworks";
			runOnlyForDeploymentPostprocessing = 0;
		};
/* End PBXCopyFilesBuildPhase section */

/* Begin PBXFileReference section */
		3CA6AA377EE2B5AAC27AA84B /* Pods-Oxford Brookes Bus.release.xcconfig */ = {isa = PBXFileReference; includeInIndex = 1; lastKnownFileType = text.xcconfig; name = "Pods-Oxford Brookes Bus.release.xcconfig"; path = "Pods/Target Support Files/Pods-Oxford Brookes Bus/Pods-Oxford Brookes Bus.release.xcconfig"; sourceTree = "<group>"; };
		5D91B7B4CEDDF3429BCB831C /* Pods-Oxford Brookes BusTests.release.xcconfig */ = {isa = PBXFileReference; includeInIndex = 1; lastKnownFileType = text.xcconfig; name = "Pods-Oxford Brookes BusTests.release.xcconfig"; path = "Pods/Target Support Files/Pods-Oxford Brookes BusTests/Pods-Oxford Brookes BusTests.release.xcconfig"; sourceTree = "<group>"; };
		63C1B77D9F5DB3F18997A086 /* Pods-Oxford Brookes Bus.debug.xcconfig */ = {isa = PBXFileReference; includeInIndex = 1; lastKnownFileType = text.xcconfig; name = "Pods-Oxford Brookes Bus.debug.xcconfig"; path = "Pods/Target Support Files/Pods-Oxford Brookes Bus/Pods-Oxford Brookes Bus.debug.xcconfig"; sourceTree = "<group>"; };
		7F108CE71B79B475003E90DA /* OxonTimeAPI.swift */ = {isa = PBXFileReference; fileEncoding = 4; lastKnownFileType = sourcecode.swift; path = OxonTimeAPI.swift; sourceTree = "<group>"; };
		7F108CE91B79B6D0003E90DA /* HTTPClient.swift */ = {isa = PBXFileReference; fileEncoding = 4; lastKnownFileType = sourcecode.swift; path = HTTPClient.swift; sourceTree = "<group>"; };
		7F108CEB1B7B0437003E90DA /* HTMLParser.swift */ = {isa = PBXFileReference; fileEncoding = 4; lastKnownFileType = sourcecode.swift; path = HTMLParser.swift; sourceTree = "<group>"; };
		7F108CED1B7D1CAB003E90DA /* StopInformationTuple.swift */ = {isa = PBXFileReference; fileEncoding = 4; lastKnownFileType = sourcecode.swift; path = StopInformationTuple.swift; sourceTree = "<group>"; };
		7F108CEF1B8180E0003E90DA /* ThreadFactory.swift */ = {isa = PBXFileReference; fileEncoding = 4; lastKnownFileType = sourcecode.swift; path = ThreadFactory.swift; sourceTree = "<group>"; };
		7F1230CA1B3D705B00895909 /* MapKit.framework */ = {isa = PBXFileReference; lastKnownFileType = wrapper.framework; name = MapKit.framework; path = System/Library/Frameworks/MapKit.framework; sourceTree = SDKROOT; };
		7F1230CE1B3D813100895909 /* StopMKAnnotation.swift */ = {isa = PBXFileReference; fileEncoding = 4; lastKnownFileType = sourcecode.swift; path = StopMKAnnotation.swift; sourceTree = "<group>"; };
		7F2287341B75C437006DA55D /* StopNumber.swift */ = {isa = PBXFileReference; fileEncoding = 4; lastKnownFileType = sourcecode.swift; path = StopNumber.swift; sourceTree = "<group>"; };
		7F2287361B75C4EF006DA55D /* StopNumberManager.swift */ = {isa = PBXFileReference; fileEncoding = 4; lastKnownFileType = sourcecode.swift; path = StopNumberManager.swift; sourceTree = "<group>"; };
		7F306C291AF3A83200C9605D /* BusRoute.swift */ = {isa = PBXFileReference; fileEncoding = 4; lastKnownFileType = sourcecode.swift; path = BusRoute.swift; sourceTree = "<group>"; };
		7F306C2D1AF3BA9F00C9605D /* Stop.swift */ = {isa = PBXFileReference; fileEncoding = 4; lastKnownFileType = sourcecode.swift; path = Stop.swift; sourceTree = "<group>"; };
		7F3BBDBA1AF2A7BC0042C239 /* MapViewController.swift */ = {isa = PBXFileReference; fileEncoding = 4; lastKnownFileType = sourcecode.swift; path = MapViewController.swift; sourceTree = "<group>"; };
		7F3C122C1AF1771B001EC7E5 /* RoutesTableViewController.swift */ = {isa = PBXFileReference; fileEncoding = 4; lastKnownFileType = sourcecode.swift; path = RoutesTableViewController.swift; sourceTree = "<group>"; };
		7F41D8ED1AF6E4E000694800 /* RAMBounceAnimation.swift */ = {isa = PBXFileReference; fileEncoding = 4; lastKnownFileType = sourcecode.swift; path = RAMBounceAnimation.swift; sourceTree = "<group>"; };
		7F41D8EF1AF6E4E000694800 /* RAMFrameItemAnimation.swift */ = {isa = PBXFileReference; fileEncoding = 4; lastKnownFileType = sourcecode.swift; path = RAMFrameItemAnimation.swift; sourceTree = "<group>"; };
		7F41D8F11AF6E4E000694800 /* RAMFumeAnimation.swift */ = {isa = PBXFileReference; fileEncoding = 4; lastKnownFileType = sourcecode.swift; path = RAMFumeAnimation.swift; sourceTree = "<group>"; };
		7F41D8F31AF6E4E000694800 /* RAMRotationAnimation.swift */ = {isa = PBXFileReference; fileEncoding = 4; lastKnownFileType = sourcecode.swift; path = RAMRotationAnimation.swift; sourceTree = "<group>"; };
		7F41D8F51AF6E4E000694800 /* RAMTransitionItemAnimation.swift */ = {isa = PBXFileReference; fileEncoding = 4; lastKnownFileType = sourcecode.swift; path = RAMTransitionItemAnimation.swift; sourceTree = "<group>"; };
		7F41D8F61AF6E4E000694800 /* RAMAnimatedTabBarController.swift */ = {isa = PBXFileReference; fileEncoding = 4; lastKnownFileType = sourcecode.swift; path = RAMAnimatedTabBarController.swift; sourceTree = "<group>"; };
		7F41D8F71AF6E4E000694800 /* RAMItemAnimationProtocol.swift */ = {isa = PBXFileReference; fileEncoding = 4; lastKnownFileType = sourcecode.swift; path = RAMItemAnimationProtocol.swift; sourceTree = "<group>"; };
		7F41D9051AF6F9AF00694800 /* Calendar-50.png */ = {isa = PBXFileReference; lastKnownFileType = image.png; path = "Calendar-50.png"; sourceTree = "<group>"; };
		7F41D9071AF6F9E300694800 /* Treasure Map-50.png */ = {isa = PBXFileReference; lastKnownFileType = image.png; path = "Treasure Map-50.png"; sourceTree = "<group>"; };
		7F41D9091AF7893400694800 /* MapRouteViewController.swift */ = {isa = PBXFileReference; fileEncoding = 4; lastKnownFileType = sourcecode.swift; path = MapRouteViewController.swift; sourceTree = "<group>"; };
		7F41D9141AFD00A400694800 /* 0U1MF1505.xls */ = {isa = PBXFileReference; lastKnownFileType = file; path = 0U1MF1505.xls; sourceTree = "<group>"; };
		7F41D9151AFD00A400694800 /* 0U1SA1505.xls */ = {isa = PBXFileReference; lastKnownFileType = file; path = 0U1SA1505.xls; sourceTree = "<group>"; };
		7F41D9161AFD00A400694800 /* 0U1SU1430.xls */ = {isa = PBXFileReference; lastKnownFileType = file; path = 0U1SU1430.xls; sourceTree = "<group>"; };
		7F41D9181AFD00A400694800 /* 0U4MF1430.xls */ = {isa = PBXFileReference; lastKnownFileType = file; path = 0U4MF1430.xls; sourceTree = "<group>"; };
		7F41D91A1AFD00A400694800 /* 0U5MF1430.xls */ = {isa = PBXFileReference; lastKnownFileType = file; path = 0U5MF1430.xls; sourceTree = "<group>"; };
		7F41D91B1AFD00A400694800 /* 0U5SA1430.xls */ = {isa = PBXFileReference; lastKnownFileType = file; path = 0U5SA1430.xls; sourceTree = "<group>"; };
		7F41D91C1AFD00A400694800 /* 0U5SU1430.xls */ = {isa = PBXFileReference; lastKnownFileType = file; path = 0U5SU1430.xls; sourceTree = "<group>"; };
		7F41D91E1AFD00A400694800 /* U5XMF1430.RTF */ = {isa = PBXFileReference; fileEncoding = 4; lastKnownFileType = text.rtf; path = U5XMF1430.RTF; sourceTree = "<group>"; };
		7F41D9211AFD00A400694800 /* 0U1MF1438.xls */ = {isa = PBXFileReference; lastKnownFileType = file; path = 0U1MF1438.xls; sourceTree = "<group>"; };
		7F41D9221AFD00A400694800 /* 0U1SA1435.xls */ = {isa = PBXFileReference; lastKnownFileType = file; path = 0U1SA1435.xls; sourceTree = "<group>"; };
		7F41D9231AFD00A400694800 /* 0U1SU1435.xls */ = {isa = PBXFileReference; lastKnownFileType = file; path = 0U1SU1435.xls; sourceTree = "<group>"; };
		7F41D9251AFD00A400694800 /* 0U5MF1435.xls */ = {isa = PBXFileReference; lastKnownFileType = file; path = 0U5MF1435.xls; sourceTree = "<group>"; };
		7F41D9261AFD00A400694800 /* 0U5SA1435.xls */ = {isa = PBXFileReference; lastKnownFileType = file; path = 0U5SA1435.xls; sourceTree = "<group>"; };
		7F41D9271AFD00A400694800 /* 0U5SU1435.xls */ = {isa = PBXFileReference; lastKnownFileType = file; path = 0U5SU1435.xls; sourceTree = "<group>"; };
		7F41D9291AFD00A400694800 /* U5XMF1435.xls */ = {isa = PBXFileReference; lastKnownFileType = file; path = U5XMF1435.xls; sourceTree = "<group>"; };
		7F41D93A1B00252D00694800 /* ArrayExtension.swift */ = {isa = PBXFileReference; fileEncoding = 4; lastKnownFileType = sourcecode.swift; path = ArrayExtension.swift; sourceTree = "<group>"; };
		7F41D93C1B00F30C00694800 /* OBUBusTrackerAppIcon180.png */ = {isa = PBXFileReference; lastKnownFileType = image.png; path = OBUBusTrackerAppIcon180.png; sourceTree = "<group>"; };
		7F41D93E1B00F3B800694800 /* OBUBusTrackerAppIcon120.png */ = {isa = PBXFileReference; lastKnownFileType = image.png; path = OBUBusTrackerAppIcon120.png; sourceTree = "<group>"; };
		7F43F9901B409ED900E25247 /* StringManipulation.swift */ = {isa = PBXFileReference; fileEncoding = 4; lastKnownFileType = sourcecode.swift; path = StringManipulation.swift; sourceTree = "<group>"; };
		7F44CA8F1BE32EA8009DEDE2 /* OnboardingView.swift */ = {isa = PBXFileReference; fileEncoding = 4; lastKnownFileType = sourcecode.swift; path = OnboardingView.swift; sourceTree = "<group>"; };
		7F4A20511B0CA3CA004AA6AA /* RoutesTableViewControllerTest.swift */ = {isa = PBXFileReference; fileEncoding = 4; lastKnownFileType = sourcecode.swift; path = RoutesTableViewControllerTest.swift; sourceTree = "<group>"; };
		7F580F021B0A869600D88783 /* NSDateTest.swift */ = {isa = PBXFileReference; fileEncoding = 4; lastKnownFileType = sourcecode.swift; path = NSDateTest.swift; sourceTree = "<group>"; };
		7F58ACF31B60AFA100689EF4 /* LaunchIcon.png */ = {isa = PBXFileReference; lastKnownFileType = image.png; path = LaunchIcon.png; sourceTree = "<group>"; };
		7F5A07B41B5AEEBB00D52B45 /* UIiAdViewController.swift */ = {isa = PBXFileReference; fileEncoding = 4; lastKnownFileType = sourcecode.swift; path = UIiAdViewController.swift; sourceTree = "<group>"; };
		7F78F67B1BDDE7D300A5B31C /* LiveSchedulerMapViewController.swift */ = {isa = PBXFileReference; fileEncoding = 4; lastKnownFileType = sourcecode.swift; path = LiveSchedulerMapViewController.swift; sourceTree = "<group>"; };
		7F78F67D1BDDEA8100A5B31C /* Constants.swift */ = {isa = PBXFileReference; fileEncoding = 4; lastKnownFileType = sourcecode.swift; path = Constants.swift; sourceTree = "<group>"; };
		7F820D001B0E6F80002CAA53 /* Alarm.swift */ = {isa = PBXFileReference; fileEncoding = 4; lastKnownFileType = sourcecode.swift; path = Alarm.swift; sourceTree = "<group>"; };
		7F820D041B15FF24002CAA53 /* UIViewExtension.swift */ = {isa = PBXFileReference; fileEncoding = 4; lastKnownFileType = sourcecode.swift; path = UIViewExtension.swift; sourceTree = "<group>"; };
		7F9AC30B1AE81625005D0495 /* ScheduleViewController.swift */ = {isa = PBXFileReference; fileEncoding = 4; lastKnownFileType = sourcecode.swift; path = ScheduleViewController.swift; sourceTree = "<group>"; };
		7FB6DC671B1C9D3900B9F768 /* Alert.swift */ = {isa = PBXFileReference; fileEncoding = 4; lastKnownFileType = sourcecode.swift; path = Alert.swift; sourceTree = "<group>"; };
		7FBE360B1AE541640055D8CD /* Oxford Brookes Bus.app */ = {isa = PBXFileReference; explicitFileType = wrapper.application; includeInIndex = 0; path = "Oxford Brookes Bus.app"; sourceTree = BUILT_PRODUCTS_DIR; };
		7FBE360F1AE541640055D8CD /* Info.plist */ = {isa = PBXFileReference; lastKnownFileType = text.plist.xml; path = Info.plist; sourceTree = "<group>"; };
		7FBE36101AE541640055D8CD /* AppDelegate.swift */ = {isa = PBXFileReference; lastKnownFileType = sourcecode.swift; path = AppDelegate.swift; sourceTree = "<group>"; };
		7FBE36131AE541640055D8CD /* Oxford_Brookes_Bus.xcdatamodel */ = {isa = PBXFileReference; lastKnownFileType = wrapper.xcdatamodel; path = Oxford_Brookes_Bus.xcdatamodel; sourceTree = "<group>"; };
		7FBE36181AE541640055D8CD /* Base */ = {isa = PBXFileReference; lastKnownFileType = file.storyboard; name = Base; path = Base.lproj/Main.storyboard; sourceTree = "<group>"; };
		7FBE361A1AE541640055D8CD /* Images.xcassets */ = {isa = PBXFileReference; lastKnownFileType = folder.assetcatalog; path = Images.xcassets; sourceTree = "<group>"; };
		7FBE361D1AE541640055D8CD /* Base */ = {isa = PBXFileReference; lastKnownFileType = file.xib; name = Base; path = Base.lproj/LaunchScreen.xib; sourceTree = "<group>"; };
		7FBE36231AE541640055D8CD /* Oxford Brookes BusTests.xctest */ = {isa = PBXFileReference; explicitFileType = wrapper.cfbundle; includeInIndex = 0; path = "Oxford Brookes BusTests.xctest"; sourceTree = BUILT_PRODUCTS_DIR; };
		7FBE36281AE541640055D8CD /* Info.plist */ = {isa = PBXFileReference; lastKnownFileType = text.plist.xml; path = Info.plist; sourceTree = "<group>"; };
		7FBE36291AE541640055D8CD /* Oxford_Brookes_BusTests.swift */ = {isa = PBXFileReference; lastKnownFileType = sourcecode.swift; path = Oxford_Brookes_BusTests.swift; sourceTree = "<group>"; };
		7FBE36351AE5421D0055D8CD /* TimeTableViewController.swift */ = {isa = PBXFileReference; fileEncoding = 4; lastKnownFileType = sourcecode.swift; path = TimeTableViewController.swift; sourceTree = "<group>"; };
		7FBE36371AE6799C0055D8CD /* TimeViewController.swift */ = {isa = PBXFileReference; fileEncoding = 4; lastKnownFileType = sourcecode.swift; path = TimeViewController.swift; sourceTree = "<group>"; };
		7FBE36391AE6885C0055D8CD /* NSDateExtension.swift */ = {isa = PBXFileReference; fileEncoding = 4; lastKnownFileType = sourcecode.swift; path = NSDateExtension.swift; sourceTree = "<group>"; };
		7FBE61CD1B27AF5100C03766 /* tableSwipeArrow.png */ = {isa = PBXFileReference; lastKnownFileType = image.png; path = tableSwipeArrow.png; sourceTree = "<group>"; };
		7FC71A6D1BDF0C1E001249BB /* Armchair.xcodeproj */ = {isa = PBXFileReference; lastKnownFileType = "wrapper.pb-project"; name = Armchair.xcodeproj; path = Armchair/Armchair.xcodeproj; sourceTree = "<group>"; };
		7FDADA8A1B0205180008EC1D /* OBUBusTrackerAppIcon80.png */ = {isa = PBXFileReference; lastKnownFileType = image.png; path = OBUBusTrackerAppIcon80.png; sourceTree = "<group>"; };
		7FDADA8C1B0617D90008EC1D /* ArrowPathBegin.png */ = {isa = PBXFileReference; lastKnownFileType = image.png; path = ArrowPathBegin.png; sourceTree = "<group>"; };
		7FDADA8D1B0617D90008EC1D /* ArrowPathEnd.png */ = {isa = PBXFileReference; lastKnownFileType = image.png; path = ArrowPathEnd.png; sourceTree = "<group>"; };
		7FDADA8E1B0617D90008EC1D /* ArrowPathMiddle.png */ = {isa = PBXFileReference; lastKnownFileType = image.png; path = ArrowPathMiddle.png; sourceTree = "<group>"; };
		7FDD47C11AEE825200FE2235 /* CoreDataModel.swift */ = {isa = PBXFileReference; fileEncoding = 4; lastKnownFileType = sourcecode.swift; path = CoreDataModel.swift; sourceTree = "<group>"; };
		7FDD6BB71B73CDE80021AF83 /* LiveScheduleViewController.swift */ = {isa = PBXFileReference; fileEncoding = 4; lastKnownFileType = sourcecode.swift; path = LiveScheduleViewController.swift; sourceTree = "<group>"; };
		7FEAAE3A1B46B19900360678 /* iAd.framework */ = {isa = PBXFileReference; lastKnownFileType = wrapper.framework; name = iAd.framework; path = System/Library/Frameworks/iAd.framework; sourceTree = SDKROOT; };
		7FEE5BC61AE794A0006118DB /* CustomRouteViewCell.swift */ = {isa = PBXFileReference; fileEncoding = 4; lastKnownFileType = sourcecode.swift; path = CustomRouteViewCell.swift; sourceTree = "<group>"; };
		7FF624921B5786AD0094A64B /* CustomRouteViweCell.xib */ = {isa = PBXFileReference; fileEncoding = 4; lastKnownFileType = file.xib; path = CustomRouteViweCell.xib; sourceTree = "<group>"; };
		7FF624951B578B830094A64B /* Base */ = {isa = PBXFileReference; lastKnownFileType = image.png; name = Base; path = Base.lproj/changeDirection.png; sourceTree = "<group>"; };
		823A24DD60377FB62FCE37B0 /* Pods-Oxford Brookes BusTests.debug.xcconfig */ = {isa = PBXFileReference; includeInIndex = 1; lastKnownFileType = text.xcconfig; name = "Pods-Oxford Brookes BusTests.debug.xcconfig"; path = "Pods/Target Support Files/Pods-Oxford Brookes BusTests/Pods-Oxford Brookes BusTests.debug.xcconfig"; sourceTree = "<group>"; };
		8D7895C7E82171E30A4998B7 /* Pods_Oxford_Brookes_BusTests.framework */ = {isa = PBXFileReference; explicitFileType = wrapper.framework; includeInIndex = 0; path = Pods_Oxford_Brookes_BusTests.framework; sourceTree = BUILT_PRODUCTS_DIR; };
		AB81898226276427AA18CC79 /* Pods_Oxford_Brookes_Bus.framework */ = {isa = PBXFileReference; explicitFileType = wrapper.framework; includeInIndex = 0; path = Pods_Oxford_Brookes_Bus.framework; sourceTree = BUILT_PRODUCTS_DIR; };
/* End PBXFileReference section */

/* Begin PBXFrameworksBuildPhase section */
		7FBE36081AE541640055D8CD /* Frameworks */ = {
			isa = PBXFrameworksBuildPhase;
			buildActionMask = 2147483647;
			files = (
				7FEAAE3B1B46B19900360678 /* iAd.framework in Frameworks */,
				7F1230CB1B3D705B00895909 /* MapKit.framework in Frameworks */,
				08CD494FD79C130577D24109 /* Pods_Oxford_Brookes_Bus.framework in Frameworks */,
			);
			runOnlyForDeploymentPostprocessing = 0;
		};
		7FBE36201AE541640055D8CD /* Frameworks */ = {
			isa = PBXFrameworksBuildPhase;
			buildActionMask = 2147483647;
			files = (
				4E3B8100393516602FFA4A41 /* Pods_Oxford_Brookes_BusTests.framework in Frameworks */,
			);
			runOnlyForDeploymentPostprocessing = 0;
		};
/* End PBXFrameworksBuildPhase section */

/* Begin PBXGroup section */
		7F108CE61B79B43B003E90DA /* API */ = {
			isa = PBXGroup;
			children = (
				7F108CE71B79B475003E90DA /* OxonTimeAPI.swift */,
				7F108CE91B79B6D0003E90DA /* HTTPClient.swift */,
				7F108CEB1B7B0437003E90DA /* HTMLParser.swift */,
				7F108CED1B7D1CAB003E90DA /* StopInformationTuple.swift */,
				7F108CEF1B8180E0003E90DA /* ThreadFactory.swift */,
			);
			name = API;
			sourceTree = "<group>";
		};
		7F41D8EA1AF6E4E000694800 /* RAMAnimatedTabBarController */ = {
			isa = PBXGroup;
			children = (
				7F41D8EB1AF6E4E000694800 /* Animations */,
				7F41D8F61AF6E4E000694800 /* RAMAnimatedTabBarController.swift */,
				7F41D8F71AF6E4E000694800 /* RAMItemAnimationProtocol.swift */,
			);
			path = RAMAnimatedTabBarController;
			sourceTree = "<group>";
		};
		7F41D8EB1AF6E4E000694800 /* Animations */ = {
			isa = PBXGroup;
			children = (
				7F41D8EC1AF6E4E000694800 /* BounceAnimation */,
				7F41D8EE1AF6E4E000694800 /* FrameAnimation */,
				7F41D8F01AF6E4E000694800 /* FumeAnimation */,
				7F41D8F21AF6E4E000694800 /* RotationAnimation */,
				7F41D8F41AF6E4E000694800 /* TransitionAniamtions */,
			);
			path = Animations;
			sourceTree = "<group>";
		};
		7F41D8EC1AF6E4E000694800 /* BounceAnimation */ = {
			isa = PBXGroup;
			children = (
				7F41D8ED1AF6E4E000694800 /* RAMBounceAnimation.swift */,
			);
			path = BounceAnimation;
			sourceTree = "<group>";
		};
		7F41D8EE1AF6E4E000694800 /* FrameAnimation */ = {
			isa = PBXGroup;
			children = (
				7F41D8EF1AF6E4E000694800 /* RAMFrameItemAnimation.swift */,
			);
			path = FrameAnimation;
			sourceTree = "<group>";
		};
		7F41D8F01AF6E4E000694800 /* FumeAnimation */ = {
			isa = PBXGroup;
			children = (
				7F41D8F11AF6E4E000694800 /* RAMFumeAnimation.swift */,
			);
			path = FumeAnimation;
			sourceTree = "<group>";
		};
		7F41D8F21AF6E4E000694800 /* RotationAnimation */ = {
			isa = PBXGroup;
			children = (
				7F41D8F31AF6E4E000694800 /* RAMRotationAnimation.swift */,
			);
			path = RotationAnimation;
			sourceTree = "<group>";
		};
		7F41D8F41AF6E4E000694800 /* TransitionAniamtions */ = {
			isa = PBXGroup;
			children = (
				7F41D8F51AF6E4E000694800 /* RAMTransitionItemAnimation.swift */,
			);
			path = TransitionAniamtions;
			sourceTree = "<group>";
		};
		7F41D90B1AF82A6E00694800 /* Models */ = {
			isa = PBXGroup;
			children = (
				7FDD47C11AEE825200FE2235 /* CoreDataModel.swift */,
				7F306C291AF3A83200C9605D /* BusRoute.swift */,
				7F306C2D1AF3BA9F00C9605D /* Stop.swift */,
				7F820D001B0E6F80002CAA53 /* Alarm.swift */,
				7F2287341B75C437006DA55D /* StopNumber.swift */,
				7F2287361B75C4EF006DA55D /* StopNumberManager.swift */,
			);
			name = Models;
			sourceTree = "<group>";
		};
		7F41D90C1AF82A8600694800 /* Photos */ = {
			isa = PBXGroup;
			children = (
				7F58ACF31B60AFA100689EF4 /* LaunchIcon.png */,
				7FBE61CD1B27AF5100C03766 /* tableSwipeArrow.png */,
				7FDADA8C1B0617D90008EC1D /* ArrowPathBegin.png */,
				7FDADA8D1B0617D90008EC1D /* ArrowPathEnd.png */,
				7FDADA8E1B0617D90008EC1D /* ArrowPathMiddle.png */,
				7FDADA8A1B0205180008EC1D /* OBUBusTrackerAppIcon80.png */,
				7F41D93C1B00F30C00694800 /* OBUBusTrackerAppIcon180.png */,
				7F41D93E1B00F3B800694800 /* OBUBusTrackerAppIcon120.png */,
				7F41D9071AF6F9E300694800 /* Treasure Map-50.png */,
				7F41D9051AF6F9AF00694800 /* Calendar-50.png */,
				7FF624961B578B830094A64B /* changeDirection.png */,
			);
			name = Photos;
			sourceTree = "<group>";
		};
		7F41D90D1AF82AA300694800 /* Extensions */ = {
			isa = PBXGroup;
			children = (
				7FBE36391AE6885C0055D8CD /* NSDateExtension.swift */,
				7F41D93A1B00252D00694800 /* ArrayExtension.swift */,
				7F820D041B15FF24002CAA53 /* UIViewExtension.swift */,
				7F43F9901B409ED900E25247 /* StringManipulation.swift */,
			);
			name = Extensions;
			sourceTree = "<group>";
		};
		7F41D90E1AF82B6100694800 /* Controllers */ = {
			isa = PBXGroup;
			children = (
				7FBE36351AE5421D0055D8CD /* TimeTableViewController.swift */,
				7FBE36371AE6799C0055D8CD /* TimeViewController.swift */,
				7F9AC30B1AE81625005D0495 /* ScheduleViewController.swift */,
				7F3C122C1AF1771B001EC7E5 /* RoutesTableViewController.swift */,
				7F3BBDBA1AF2A7BC0042C239 /* MapViewController.swift */,
				7F41D9091AF7893400694800 /* MapRouteViewController.swift */,
				7FB6DC671B1C9D3900B9F768 /* Alert.swift */,
				7F5A07B41B5AEEBB00D52B45 /* UIiAdViewController.swift */,
				7FDD6BB71B73CDE80021AF83 /* LiveScheduleViewController.swift */,
				7F78F67B1BDDE7D300A5B31C /* LiveSchedulerMapViewController.swift */,
			);
			name = Controllers;
			sourceTree = "<group>";
		};
		7F41D9111AFD00A400694800 /* Brookes  */ = {
			isa = PBXGroup;
			children = (
				7F41D9121AFD00A400694800 /* Semester */,
				7F41D91F1AFD00A400694800 /* Vacation */,
			);
			name = "Brookes ";
			path = "Brookes (1)";
			sourceTree = "<group>";
		};
		7F41D9121AFD00A400694800 /* Semester */ = {
			isa = PBXGroup;
			children = (
				7F41D9131AFD00A400694800 /* U1 */,
				7F41D9171AFD00A400694800 /* U4 */,
				7F41D9191AFD00A400694800 /* U5 */,
				7F41D91D1AFD00A400694800 /* U5X */,
			);
			path = Semester;
			sourceTree = "<group>";
		};
		7F41D9131AFD00A400694800 /* U1 */ = {
			isa = PBXGroup;
			children = (
				7F41D9141AFD00A400694800 /* 0U1MF1505.xls */,
				7F41D9151AFD00A400694800 /* 0U1SA1505.xls */,
				7F41D9161AFD00A400694800 /* 0U1SU1430.xls */,
			);
			path = U1;
			sourceTree = "<group>";
		};
		7F41D9171AFD00A400694800 /* U4 */ = {
			isa = PBXGroup;
			children = (
				7F41D9181AFD00A400694800 /* 0U4MF1430.xls */,
			);
			path = U4;
			sourceTree = "<group>";
		};
		7F41D9191AFD00A400694800 /* U5 */ = {
			isa = PBXGroup;
			children = (
				7F41D91A1AFD00A400694800 /* 0U5MF1430.xls */,
				7F41D91B1AFD00A400694800 /* 0U5SA1430.xls */,
				7F41D91C1AFD00A400694800 /* 0U5SU1430.xls */,
			);
			path = U5;
			sourceTree = "<group>";
		};
		7F41D91D1AFD00A400694800 /* U5X */ = {
			isa = PBXGroup;
			children = (
				7F41D91E1AFD00A400694800 /* U5XMF1430.RTF */,
			);
			path = U5X;
			sourceTree = "<group>";
		};
		7F41D91F1AFD00A400694800 /* Vacation */ = {
			isa = PBXGroup;
			children = (
				7F41D9201AFD00A400694800 /* U1 */,
				7F41D9241AFD00A400694800 /* U5 */,
				7F41D9281AFD00A400694800 /* U5X */,
			);
			path = Vacation;
			sourceTree = "<group>";
		};
		7F41D9201AFD00A400694800 /* U1 */ = {
			isa = PBXGroup;
			children = (
				7F41D9211AFD00A400694800 /* 0U1MF1438.xls */,
				7F41D9221AFD00A400694800 /* 0U1SA1435.xls */,
				7F41D9231AFD00A400694800 /* 0U1SU1435.xls */,
			);
			path = U1;
			sourceTree = "<group>";
		};
		7F41D9241AFD00A400694800 /* U5 */ = {
			isa = PBXGroup;
			children = (
				7F41D9251AFD00A400694800 /* 0U5MF1435.xls */,
				7F41D9261AFD00A400694800 /* 0U5SA1435.xls */,
				7F41D9271AFD00A400694800 /* 0U5SU1435.xls */,
			);
			path = U5;
			sourceTree = "<group>";
		};
		7F41D9281AFD00A400694800 /* U5X */ = {
			isa = PBXGroup;
			children = (
				7F41D9291AFD00A400694800 /* U5XMF1435.xls */,
			);
			path = U5X;
			sourceTree = "<group>";
		};
		7F41D9391B00161D00694800 /* Views */ = {
			isa = PBXGroup;
			children = (
				7FEE5BC61AE794A0006118DB /* CustomRouteViewCell.swift */,
				7F1230CE1B3D813100895909 /* StopMKAnnotation.swift */,
				7F44CA8F1BE32EA8009DEDE2 /* OnboardingView.swift */,
			);
			name = Views;
			sourceTree = "<group>";
		};
		7FBE36021AE541640055D8CD = {
			isa = PBXGroup;
			children = (
				7FC71A6D1BDF0C1E001249BB /* Armchair.xcodeproj */,
				7F41D9111AFD00A400694800 /* Brookes  */,
				7FBE360D1AE541640055D8CD /* Oxford Brookes Bus */,
				7FBE36261AE541640055D8CD /* Oxford Brookes BusTests */,
				7FBE360C1AE541640055D8CD /* Products */,
				C85A29D3B252F51B4949B97D /* Pods */,
				DE4DEDD76F43C2445AE59581 /* Frameworks */,
			);
			sourceTree = "<group>";
		};
		7FBE360C1AE541640055D8CD /* Products */ = {
			isa = PBXGroup;
			children = (
				7FBE360B1AE541640055D8CD /* Oxford Brookes Bus.app */,
				7FBE36231AE541640055D8CD /* Oxford Brookes BusTests.xctest */,
			);
			name = Products;
			sourceTree = "<group>";
		};
		7FBE360D1AE541640055D8CD /* Oxford Brookes Bus */ = {
			isa = PBXGroup;
			children = (
				7F108CE61B79B43B003E90DA /* API */,
				7F41D9391B00161D00694800 /* Views */,
				7F41D90E1AF82B6100694800 /* Controllers */,
				7F41D90D1AF82AA300694800 /* Extensions */,
				7F41D90C1AF82A8600694800 /* Photos */,
				7F41D90B1AF82A6E00694800 /* Models */,
				7F41D8EA1AF6E4E000694800 /* RAMAnimatedTabBarController */,
				7FBE36101AE541640055D8CD /* AppDelegate.swift */,
				7FBE36171AE541640055D8CD /* Main.storyboard */,
				7FF624921B5786AD0094A64B /* CustomRouteViweCell.xib */,
				7FBE361A1AE541640055D8CD /* Images.xcassets */,
				7FBE361C1AE541640055D8CD /* LaunchScreen.xib */,
				7FBE36121AE541640055D8CD /* Oxford_Brookes_Bus.xcdatamodeld */,
				7FBE360E1AE541640055D8CD /* Supporting Files */,
				7F78F67D1BDDEA8100A5B31C /* Constants.swift */,
			);
			path = "Oxford Brookes Bus";
			sourceTree = "<group>";
		};
		7FBE360E1AE541640055D8CD /* Supporting Files */ = {
			isa = PBXGroup;
			children = (
				7FBE360F1AE541640055D8CD /* Info.plist */,
			);
			name = "Supporting Files";
			sourceTree = "<group>";
		};
		7FBE36261AE541640055D8CD /* Oxford Brookes BusTests */ = {
			isa = PBXGroup;
			children = (
				7F580F021B0A869600D88783 /* NSDateTest.swift */,
				7FBE36291AE541640055D8CD /* Oxford_Brookes_BusTests.swift */,
				7FBE36271AE541640055D8CD /* Supporting Files */,
				7F4A20511B0CA3CA004AA6AA /* RoutesTableViewControllerTest.swift */,
			);
			path = "Oxford Brookes BusTests";
			sourceTree = "<group>";
		};
		7FBE36271AE541640055D8CD /* Supporting Files */ = {
			isa = PBXGroup;
			children = (
				7FBE36281AE541640055D8CD /* Info.plist */,
			);
			name = "Supporting Files";
			sourceTree = "<group>";
		};
		7FC71A6E1BDF0C1E001249BB /* Products */ = {
			isa = PBXGroup;
			children = (
				7FC71A761BDF0C1E001249BB /* Armchair.framework */,
				7FC71A781BDF0C1E001249BB /* Armchair.framework */,
				7FC71A7A1BDF0C1E001249BB /* Armchair.bundle */,
				7FC71A7C1BDF0C1E001249BB /* Armchair.bundle */,
				7FC71A7E1BDF0C1E001249BB /* ArmchairTests.xctest */,
			);
			name = Products;
			sourceTree = "<group>";
		};
		C85A29D3B252F51B4949B97D /* Pods */ = {
			isa = PBXGroup;
			children = (
				823A24DD60377FB62FCE37B0 /* Pods-Oxford Brookes BusTests.debug.xcconfig */,
				5D91B7B4CEDDF3429BCB831C /* Pods-Oxford Brookes BusTests.release.xcconfig */,
				63C1B77D9F5DB3F18997A086 /* Pods-Oxford Brookes Bus.debug.xcconfig */,
				3CA6AA377EE2B5AAC27AA84B /* Pods-Oxford Brookes Bus.release.xcconfig */,
			);
			name = Pods;
			sourceTree = "<group>";
		};
		DE4DEDD76F43C2445AE59581 /* Frameworks */ = {
			isa = PBXGroup;
			children = (
				7FEAAE3A1B46B19900360678 /* iAd.framework */,
				7F1230CA1B3D705B00895909 /* MapKit.framework */,
				8D7895C7E82171E30A4998B7 /* Pods_Oxford_Brookes_BusTests.framework */,
				AB81898226276427AA18CC79 /* Pods_Oxford_Brookes_Bus.framework */,
			);
			name = Frameworks;
			sourceTree = "<group>";
		};
/* End PBXGroup section */

/* Begin PBXNativeTarget section */
		7FBE360A1AE541640055D8CD /* Oxford Brookes Bus */ = {
			isa = PBXNativeTarget;
			buildConfigurationList = 7FBE362D1AE541640055D8CD /* Build configuration list for PBXNativeTarget "Oxford Brookes Bus" */;
			buildPhases = (
				F95535E7A7D1E372BED9BBAE /* Check Pods Manifest.lock */,
				7FBE36071AE541640055D8CD /* Sources */,
				7FBE36081AE541640055D8CD /* Frameworks */,
				7FBE36091AE541640055D8CD /* Resources */,
				F0607EA1EAEFA490A1B1AEBA /* Embed Pods Frameworks */,
				C02544E1ED391B27B7B32EA0 /* Copy Pods Resources */,
				7FC71A561BDF09C1001249BB /* Copy Frameworks */,
			);
			buildRules = (
			);
			dependencies = (
				7FC71A801BDF0C26001249BB /* PBXTargetDependency */,
			);
			name = "Oxford Brookes Bus";
			productName = "Oxford Brookes Bus";
			productReference = 7FBE360B1AE541640055D8CD /* Oxford Brookes Bus.app */;
			productType = "com.apple.product-type.application";
		};
		7FBE36221AE541640055D8CD /* Oxford Brookes BusTests */ = {
			isa = PBXNativeTarget;
			buildConfigurationList = 7FBE36301AE541640055D8CD /* Build configuration list for PBXNativeTarget "Oxford Brookes BusTests" */;
			buildPhases = (
				EBB057CF5512A293EB2031AB /* Check Pods Manifest.lock */,
				7FBE361F1AE541640055D8CD /* Sources */,
				7FBE36201AE541640055D8CD /* Frameworks */,
				7FBE36211AE541640055D8CD /* Resources */,
				A2FD8CCE884AA977AC9BE2EC /* Embed Pods Frameworks */,
				38CF83E83FAA7CC6D1E11698 /* Copy Pods Resources */,
			);
			buildRules = (
			);
			dependencies = (
				7FBE36251AE541640055D8CD /* PBXTargetDependency */,
			);
			name = "Oxford Brookes BusTests";
			productName = "Oxford Brookes BusTests";
			productReference = 7FBE36231AE541640055D8CD /* Oxford Brookes BusTests.xctest */;
			productType = "com.apple.product-type.bundle.unit-test";
		};
/* End PBXNativeTarget section */

/* Begin PBXProject section */
		7FBE36031AE541640055D8CD /* Project object */ = {
			isa = PBXProject;
			attributes = {
				LastSwiftMigration = 0700;
				LastSwiftUpdateCheck = 0700;
				LastUpgradeCheck = 0630;
				ORGANIZATIONNAME = "AJ Norton";
				TargetAttributes = {
					7FBE360A1AE541640055D8CD = {
						CreatedOnToolsVersion = 6.3;
						DevelopmentTeam = AVVG5XQFMS;
					};
					7FBE36221AE541640055D8CD = {
						CreatedOnToolsVersion = 6.3;
						TestTargetID = 7FBE360A1AE541640055D8CD;
					};
				};
			};
			buildConfigurationList = 7FBE36061AE541640055D8CD /* Build configuration list for PBXProject "Oxford Brookes Bus" */;
			compatibilityVersion = "Xcode 3.2";
			developmentRegion = English;
			hasScannedForEncodings = 0;
			knownRegions = (
				en,
				Base,
			);
			mainGroup = 7FBE36021AE541640055D8CD;
			productRefGroup = 7FBE360C1AE541640055D8CD /* Products */;
			projectDirPath = "";
			projectReferences = (
				{
					ProductGroup = 7FC71A6E1BDF0C1E001249BB /* Products */;
					ProjectRef = 7FC71A6D1BDF0C1E001249BB /* Armchair.xcodeproj */;
				},
			);
			projectRoot = "";
			targets = (
				7FBE360A1AE541640055D8CD /* Oxford Brookes Bus */,
				7FBE36221AE541640055D8CD /* Oxford Brookes BusTests */,
			);
		};
/* End PBXProject section */

/* Begin PBXReferenceProxy section */
		7FC71A761BDF0C1E001249BB /* Armchair.framework */ = {
			isa = PBXReferenceProxy;
			fileType = wrapper.framework;
			path = Armchair.framework;
			remoteRef = 7FC71A751BDF0C1E001249BB /* PBXContainerItemProxy */;
			sourceTree = BUILT_PRODUCTS_DIR;
		};
		7FC71A781BDF0C1E001249BB /* Armchair.framework */ = {
			isa = PBXReferenceProxy;
			fileType = wrapper.framework;
			path = Armchair.framework;
			remoteRef = 7FC71A771BDF0C1E001249BB /* PBXContainerItemProxy */;
			sourceTree = BUILT_PRODUCTS_DIR;
		};
		7FC71A7A1BDF0C1E001249BB /* Armchair.bundle */ = {
			isa = PBXReferenceProxy;
			fileType = wrapper.cfbundle;
			path = Armchair.bundle;
			remoteRef = 7FC71A791BDF0C1E001249BB /* PBXContainerItemProxy */;
			sourceTree = BUILT_PRODUCTS_DIR;
		};
		7FC71A7C1BDF0C1E001249BB /* Armchair.bundle */ = {
			isa = PBXReferenceProxy;
			fileType = wrapper.cfbundle;
			path = Armchair.bundle;
			remoteRef = 7FC71A7B1BDF0C1E001249BB /* PBXContainerItemProxy */;
			sourceTree = BUILT_PRODUCTS_DIR;
		};
		7FC71A7E1BDF0C1E001249BB /* ArmchairTests.xctest */ = {
			isa = PBXReferenceProxy;
			fileType = wrapper.cfbundle;
			path = ArmchairTests.xctest;
			remoteRef = 7FC71A7D1BDF0C1E001249BB /* PBXContainerItemProxy */;
			sourceTree = BUILT_PRODUCTS_DIR;
		};
/* End PBXReferenceProxy section */

/* Begin PBXResourcesBuildPhase section */
		7FBE36091AE541640055D8CD /* Resources */ = {
			isa = PBXResourcesBuildPhase;
			buildActionMask = 2147483647;
			files = (
				7F41D93D1B00F30C00694800 /* OBUBusTrackerAppIcon180.png in Resources */,
				7FBE36191AE541640055D8CD /* Main.storyboard in Resources */,
				7FDADA8F1B0617D90008EC1D /* ArrowPathBegin.png in Resources */,
				7F41D9061AF6F9AF00694800 /* Calendar-50.png in Resources */,
				7FF624931B5786AD0094A64B /* CustomRouteViweCell.xib in Resources */,
				7F41D93F1B00F3B800694800 /* OBUBusTrackerAppIcon120.png in Resources */,
				7FF624941B578B830094A64B /* changeDirection.png in Resources */,
				7F41D92D1AFD00A400694800 /* 0U4MF1430.xls in Resources */,
				7F41D92F1AFD00A400694800 /* 0U5SA1430.xls in Resources */,
				7F41D9371AFD00A400694800 /* 0U5SU1435.xls in Resources */,
				7F41D9301AFD00A400694800 /* 0U5SU1430.xls in Resources */,
				7F58ACF41B60AFA100689EF4 /* LaunchIcon.png in Resources */,
				7F41D92C1AFD00A400694800 /* 0U1SU1430.xls in Resources */,
				7FDADA901B0617D90008EC1D /* ArrowPathEnd.png in Resources */,
				7FDADA911B0617D90008EC1D /* ArrowPathMiddle.png in Resources */,
				7F41D9341AFD00A400694800 /* 0U1SU1435.xls in Resources */,
				7F41D92E1AFD00A400694800 /* 0U5MF1430.xls in Resources */,
				7FBE361E1AE541640055D8CD /* LaunchScreen.xib in Resources */,
				7F41D9331AFD00A400694800 /* 0U1SA1435.xls in Resources */,
				7F41D92A1AFD00A400694800 /* 0U1MF1505.xls in Resources */,
				7F41D9081AF6F9E300694800 /* Treasure Map-50.png in Resources */,
				7F41D9311AFD00A400694800 /* U5XMF1430.RTF in Resources */,
				7FDADA8B1B0205180008EC1D /* OBUBusTrackerAppIcon80.png in Resources */,
				7F41D9351AFD00A400694800 /* 0U5MF1435.xls in Resources */,
				7F41D9321AFD00A400694800 /* 0U1MF1438.xls in Resources */,
				7F41D92B1AFD00A400694800 /* 0U1SA1505.xls in Resources */,
				7F41D9361AFD00A400694800 /* 0U5SA1435.xls in Resources */,
				7FBE61CE1B27AF5100C03766 /* tableSwipeArrow.png in Resources */,
				7F41D9381AFD00A400694800 /* U5XMF1435.xls in Resources */,
				7FBE361B1AE541640055D8CD /* Images.xcassets in Resources */,
			);
			runOnlyForDeploymentPostprocessing = 0;
		};
		7FBE36211AE541640055D8CD /* Resources */ = {
			isa = PBXResourcesBuildPhase;
			buildActionMask = 2147483647;
			files = (
			);
			runOnlyForDeploymentPostprocessing = 0;
		};
/* End PBXResourcesBuildPhase section */

/* Begin PBXShellScriptBuildPhase section */
		38CF83E83FAA7CC6D1E11698 /* Copy Pods Resources */ = {
			isa = PBXShellScriptBuildPhase;
			buildActionMask = 2147483647;
			files = (
			);
			inputPaths = (
			);
			name = "Copy Pods Resources";
			outputPaths = (
			);
			runOnlyForDeploymentPostprocessing = 0;
			shellPath = /bin/sh;
			shellScript = "\"${SRCROOT}/Pods/Target Support Files/Pods-Oxford Brookes BusTests/Pods-Oxford Brookes BusTests-resources.sh\"\n";
			showEnvVarsInLog = 0;
		};
		A2FD8CCE884AA977AC9BE2EC /* Embed Pods Frameworks */ = {
			isa = PBXShellScriptBuildPhase;
			buildActionMask = 2147483647;
			files = (
			);
			inputPaths = (
			);
			name = "Embed Pods Frameworks";
			outputPaths = (
			);
			runOnlyForDeploymentPostprocessing = 0;
			shellPath = /bin/sh;
			shellScript = "\"${SRCROOT}/Pods/Target Support Files/Pods-Oxford Brookes BusTests/Pods-Oxford Brookes BusTests-frameworks.sh\"\n";
			showEnvVarsInLog = 0;
		};
		C02544E1ED391B27B7B32EA0 /* Copy Pods Resources */ = {
			isa = PBXShellScriptBuildPhase;
			buildActionMask = 2147483647;
			files = (
			);
			inputPaths = (
			);
			name = "Copy Pods Resources";
			outputPaths = (
			);
			runOnlyForDeploymentPostprocessing = 0;
			shellPath = /bin/sh;
			shellScript = "\"${SRCROOT}/Pods/Target Support Files/Pods-Oxford Brookes Bus/Pods-Oxford Brookes Bus-resources.sh\"\n";
			showEnvVarsInLog = 0;
		};
		EBB057CF5512A293EB2031AB /* Check Pods Manifest.lock */ = {
			isa = PBXShellScriptBuildPhase;
			buildActionMask = 2147483647;
			files = (
			);
			inputPaths = (
			);
			name = "Check Pods Manifest.lock";
			outputPaths = (
			);
			runOnlyForDeploymentPostprocessing = 0;
			shellPath = /bin/sh;
			shellScript = "diff \"${PODS_ROOT}/../Podfile.lock\" \"${PODS_ROOT}/Manifest.lock\" > /dev/null\nif [[ $? != 0 ]] ; then\n    cat << EOM\nerror: The sandbox is not in sync with the Podfile.lock. Run 'pod install' or update your CocoaPods installation.\nEOM\n    exit 1\nfi\n";
			showEnvVarsInLog = 0;
		};
		F0607EA1EAEFA490A1B1AEBA /* Embed Pods Frameworks */ = {
			isa = PBXShellScriptBuildPhase;
			buildActionMask = 2147483647;
			files = (
			);
			inputPaths = (
			);
			name = "Embed Pods Frameworks";
			outputPaths = (
			);
			runOnlyForDeploymentPostprocessing = 0;
			shellPath = /bin/sh;
			shellScript = "\"${SRCROOT}/Pods/Target Support Files/Pods-Oxford Brookes Bus/Pods-Oxford Brookes Bus-frameworks.sh\"\n";
			showEnvVarsInLog = 0;
		};
		F95535E7A7D1E372BED9BBAE /* Check Pods Manifest.lock */ = {
			isa = PBXShellScriptBuildPhase;
			buildActionMask = 2147483647;
			files = (
			);
			inputPaths = (
			);
			name = "Check Pods Manifest.lock";
			outputPaths = (
			);
			runOnlyForDeploymentPostprocessing = 0;
			shellPath = /bin/sh;
			shellScript = "diff \"${PODS_ROOT}/../Podfile.lock\" \"${PODS_ROOT}/Manifest.lock\" > /dev/null\nif [[ $? != 0 ]] ; then\n    cat << EOM\nerror: The sandbox is not in sync with the Podfile.lock. Run 'pod install' or update your CocoaPods installation.\nEOM\n    exit 1\nfi\n";
			showEnvVarsInLog = 0;
		};
/* End PBXShellScriptBuildPhase section */

/* Begin PBXSourcesBuildPhase section */
		7FBE36071AE541640055D8CD /* Sources */ = {
			isa = PBXSourcesBuildPhase;
			buildActionMask = 2147483647;
			files = (
				7F108CEC1B7B0437003E90DA /* HTMLParser.swift in Sources */,
				7FEE5BC71AE794A0006118DB /* CustomRouteViewCell.swift in Sources */,
				7F41D8F81AF6E4E000694800 /* RAMBounceAnimation.swift in Sources */,
				7F3C122D1AF1771B001EC7E5 /* RoutesTableViewController.swift in Sources */,
				7FB6DC681B1C9D3900B9F768 /* Alert.swift in Sources */,
				7FBE363A1AE6885C0055D8CD /* NSDateExtension.swift in Sources */,
				7F41D8FD1AF6E4E000694800 /* RAMAnimatedTabBarController.swift in Sources */,
				7F820D051B15FF24002CAA53 /* UIViewExtension.swift in Sources */,
				7F108CF01B8180E0003E90DA /* ThreadFactory.swift in Sources */,
				7F9AC30C1AE81625005D0495 /* ScheduleViewController.swift in Sources */,
				7F41D90A1AF7893400694800 /* MapRouteViewController.swift in Sources */,
				7F44CA901BE32EA8009DEDE2 /* OnboardingView.swift in Sources */,
				7F41D8FB1AF6E4E000694800 /* RAMRotationAnimation.swift in Sources */,
				7F108CEA1B79B6D0003E90DA /* HTTPClient.swift in Sources */,
				7F2287351B75C437006DA55D /* StopNumber.swift in Sources */,
				7FDD47C21AEE825200FE2235 /* CoreDataModel.swift in Sources */,
				7F43F9911B409ED900E25247 /* StringManipulation.swift in Sources */,
				7F306C2E1AF3BA9F00C9605D /* Stop.swift in Sources */,
				7F820D011B0E6F80002CAA53 /* Alarm.swift in Sources */,
				7FBE36381AE6799C0055D8CD /* TimeViewController.swift in Sources */,
				7F1230CF1B3D813100895909 /* StopMKAnnotation.swift in Sources */,
				7F108CEE1B7D1CAB003E90DA /* StopInformationTuple.swift in Sources */,
				7F41D8FC1AF6E4E000694800 /* RAMTransitionItemAnimation.swift in Sources */,
				7F5A07B51B5AEEBC00D52B45 /* UIiAdViewController.swift in Sources */,
				7FBE36141AE541640055D8CD /* Oxford_Brookes_Bus.xcdatamodeld in Sources */,
				7FBE36361AE5421D0055D8CD /* TimeTableViewController.swift in Sources */,
				7F108CE81B79B475003E90DA /* OxonTimeAPI.swift in Sources */,
				7F41D8FE1AF6E4E000694800 /* RAMItemAnimationProtocol.swift in Sources */,
				7F78F67C1BDDE7D300A5B31C /* LiveSchedulerMapViewController.swift in Sources */,
				7F306C2A1AF3A83200C9605D /* BusRoute.swift in Sources */,
				7FBE36111AE541640055D8CD /* AppDelegate.swift in Sources */,
				7F2287371B75C4EF006DA55D /* StopNumberManager.swift in Sources */,
				7F41D8F91AF6E4E000694800 /* RAMFrameItemAnimation.swift in Sources */,
				7F41D8FA1AF6E4E000694800 /* RAMFumeAnimation.swift in Sources */,
				7F3BBDBB1AF2A7BC0042C239 /* MapViewController.swift in Sources */,
				7FDD6BB81B73CDE80021AF83 /* LiveScheduleViewController.swift in Sources */,
				7F78F67E1BDDEA8100A5B31C /* Constants.swift in Sources */,
				7F41D93B1B00252D00694800 /* ArrayExtension.swift in Sources */,
			);
			runOnlyForDeploymentPostprocessing = 0;
		};
		7FBE361F1AE541640055D8CD /* Sources */ = {
			isa = PBXSourcesBuildPhase;
			buildActionMask = 2147483647;
			files = (
				7F580F031B0A869600D88783 /* NSDateTest.swift in Sources */,
				7FBE362A1AE541640055D8CD /* Oxford_Brookes_BusTests.swift in Sources */,
				7F4A20521B0CA3CA004AA6AA /* RoutesTableViewControllerTest.swift in Sources */,
			);
			runOnlyForDeploymentPostprocessing = 0;
		};
/* End PBXSourcesBuildPhase section */

/* Begin PBXTargetDependency section */
		7FBE36251AE541640055D8CD /* PBXTargetDependency */ = {
			isa = PBXTargetDependency;
			target = 7FBE360A1AE541640055D8CD /* Oxford Brookes Bus */;
			targetProxy = 7FBE36241AE541640055D8CD /* PBXContainerItemProxy */;
		};
		7FC71A801BDF0C26001249BB /* PBXTargetDependency */ = {
			isa = PBXTargetDependency;
			name = Armchair;
			targetProxy = 7FC71A7F1BDF0C26001249BB /* PBXContainerItemProxy */;
		};
/* End PBXTargetDependency section */

/* Begin PBXVariantGroup section */
		7FBE36171AE541640055D8CD /* Main.storyboard */ = {
			isa = PBXVariantGroup;
			children = (
				7FBE36181AE541640055D8CD /* Base */,
			);
			name = Main.storyboard;
			sourceTree = "<group>";
		};
		7FBE361C1AE541640055D8CD /* LaunchScreen.xib */ = {
			isa = PBXVariantGroup;
			children = (
				7FBE361D1AE541640055D8CD /* Base */,
			);
			name = LaunchScreen.xib;
			sourceTree = "<group>";
		};
		7FF624961B578B830094A64B /* changeDirection.png */ = {
			isa = PBXVariantGroup;
			children = (
				7FF624951B578B830094A64B /* Base */,
			);
			name = changeDirection.png;
			sourceTree = "<group>";
		};
/* End PBXVariantGroup section */

/* Begin XCBuildConfiguration section */
		7FBE362B1AE541640055D8CD /* Debug */ = {
			isa = XCBuildConfiguration;
			buildSettings = {
				ALWAYS_SEARCH_USER_PATHS = NO;
				CLANG_CXX_LANGUAGE_STANDARD = "gnu++0x";
				CLANG_CXX_LIBRARY = "libc++";
				CLANG_ENABLE_MODULES = YES;
				CLANG_ENABLE_OBJC_ARC = YES;
				CLANG_WARN_BOOL_CONVERSION = YES;
				CLANG_WARN_CONSTANT_CONVERSION = YES;
				CLANG_WARN_DIRECT_OBJC_ISA_USAGE = YES_ERROR;
				CLANG_WARN_EMPTY_BODY = YES;
				CLANG_WARN_ENUM_CONVERSION = YES;
				CLANG_WARN_INT_CONVERSION = YES;
				CLANG_WARN_OBJC_ROOT_CLASS = YES_ERROR;
				CLANG_WARN_UNREACHABLE_CODE = YES;
				CLANG_WARN__DUPLICATE_METHOD_MATCH = YES;
				CODE_SIGN_IDENTITY = "iPhone Distribution";
				"CODE_SIGN_IDENTITY[sdk=iphoneos*]" = "iPhone Developer";
				COPY_PHASE_STRIP = NO;
				DEBUG_INFORMATION_FORMAT = "dwarf-with-dsym";
				DEFINES_MODULE = YES;
				ENABLE_STRICT_OBJC_MSGSEND = YES;
				GCC_C_LANGUAGE_STANDARD = gnu99;
				GCC_DYNAMIC_NO_PIC = NO;
				GCC_NO_COMMON_BLOCKS = YES;
				GCC_OPTIMIZATION_LEVEL = 0;
				GCC_PREPROCESSOR_DEFINITIONS = (
					"DEBUG=1",
					"$(inherited)",
				);
				GCC_SYMBOLS_PRIVATE_EXTERN = NO;
				GCC_WARN_64_TO_32_BIT_CONVERSION = YES;
				GCC_WARN_ABOUT_RETURN_TYPE = YES_ERROR;
				GCC_WARN_UNDECLARED_SELECTOR = YES;
				GCC_WARN_UNINITIALIZED_AUTOS = YES_AGGRESSIVE;
				GCC_WARN_UNUSED_FUNCTION = YES;
				GCC_WARN_UNUSED_VARIABLE = YES;
				IPHONEOS_DEPLOYMENT_TARGET = 8.3;
				MTL_ENABLE_DEBUG_INFO = YES;
				ONLY_ACTIVE_ARCH = YES;
				PRODUCT_MODULE_NAME = "$(PRODUCT_NAME:c99extidentifier)";
				SDKROOT = iphoneos;
				SWIFT_OPTIMIZATION_LEVEL = "-Onone";
			};
			name = Debug;
		};
		7FBE362C1AE541640055D8CD /* Release */ = {
			isa = XCBuildConfiguration;
			buildSettings = {
				ALWAYS_SEARCH_USER_PATHS = NO;
				CLANG_CXX_LANGUAGE_STANDARD = "gnu++0x";
				CLANG_CXX_LIBRARY = "libc++";
				CLANG_ENABLE_MODULES = YES;
				CLANG_ENABLE_OBJC_ARC = YES;
				CLANG_WARN_BOOL_CONVERSION = YES;
				CLANG_WARN_CONSTANT_CONVERSION = YES;
				CLANG_WARN_DIRECT_OBJC_ISA_USAGE = YES_ERROR;
				CLANG_WARN_EMPTY_BODY = YES;
				CLANG_WARN_ENUM_CONVERSION = YES;
				CLANG_WARN_INT_CONVERSION = YES;
				CLANG_WARN_OBJC_ROOT_CLASS = YES_ERROR;
				CLANG_WARN_UNREACHABLE_CODE = YES;
				CLANG_WARN__DUPLICATE_METHOD_MATCH = YES;
				CODE_SIGN_IDENTITY = "iPhone Distribution";
				"CODE_SIGN_IDENTITY[sdk=iphoneos*]" = "iPhone Developer";
				COPY_PHASE_STRIP = NO;
				DEBUG_INFORMATION_FORMAT = "dwarf-with-dsym";
				DEFINES_MODULE = YES;
				ENABLE_NS_ASSERTIONS = NO;
				ENABLE_STRICT_OBJC_MSGSEND = YES;
				GCC_C_LANGUAGE_STANDARD = gnu99;
				GCC_NO_COMMON_BLOCKS = YES;
				GCC_WARN_64_TO_32_BIT_CONVERSION = YES;
				GCC_WARN_ABOUT_RETURN_TYPE = YES_ERROR;
				GCC_WARN_UNDECLARED_SELECTOR = YES;
				GCC_WARN_UNINITIALIZED_AUTOS = YES_AGGRESSIVE;
				GCC_WARN_UNUSED_FUNCTION = YES;
				GCC_WARN_UNUSED_VARIABLE = YES;
				IPHONEOS_DEPLOYMENT_TARGET = 8.3;
				MTL_ENABLE_DEBUG_INFO = NO;
				PRODUCT_MODULE_NAME = "$(PRODUCT_NAME:c99extidentifier)";
				SDKROOT = iphoneos;
				VALIDATE_PRODUCT = YES;
			};
			name = Release;
		};
		7FBE362E1AE541640055D8CD /* Debug */ = {
			isa = XCBuildConfiguration;
			baseConfigurationReference = 63C1B77D9F5DB3F18997A086 /* Pods-Oxford Brookes Bus.debug.xcconfig */;
			buildSettings = {
				ASSETCATALOG_COMPILER_APPICON_NAME = AppIcon;
				CODE_SIGN_IDENTITY = "iPhone Developer";
				"CODE_SIGN_IDENTITY[sdk=iphoneos*]" = "iPhone Developer";
				INFOPLIST_FILE = "Oxford Brookes Bus/Info.plist";
				IPHONEOS_DEPLOYMENT_TARGET = 8.3;
				LD_RUNPATH_SEARCH_PATHS = "$(inherited) @executable_path/Frameworks";
				PRODUCT_NAME = "$(TARGET_NAME)";
				PROVISIONING_PROFILE = "";
			};
			name = Debug;
		};
		7FBE362F1AE541640055D8CD /* Release */ = {
			isa = XCBuildConfiguration;
			baseConfigurationReference = 3CA6AA377EE2B5AAC27AA84B /* Pods-Oxford Brookes Bus.release.xcconfig */;
			buildSettings = {
				ASSETCATALOG_COMPILER_APPICON_NAME = AppIcon;
				CODE_SIGN_IDENTITY = "iPhone Developer";
				"CODE_SIGN_IDENTITY[sdk=iphoneos*]" = "iPhone Developer";
				INFOPLIST_FILE = "Oxford Brookes Bus/Info.plist";
				IPHONEOS_DEPLOYMENT_TARGET = 8.3;
				LD_RUNPATH_SEARCH_PATHS = "$(inherited) @executable_path/Frameworks";
				PRODUCT_NAME = "$(TARGET_NAME)";
				PROVISIONING_PROFILE = "";
			};
			name = Release;
		};
		7FBE36311AE541640055D8CD /* Debug */ = {
			isa = XCBuildConfiguration;
			baseConfigurationReference = 823A24DD60377FB62FCE37B0 /* Pods-Oxford Brookes BusTests.debug.xcconfig */;
			buildSettings = {
				BUNDLE_LOADER = "$(TEST_HOST)";
				FRAMEWORK_SEARCH_PATHS = (
					"$(SDKROOT)/Developer/Library/Frameworks",
					"$(inherited)",
				);
				GCC_PREPROCESSOR_DEFINITIONS = (
					"DEBUG=1",
					"$(inherited)",
				);
				INFOPLIST_FILE = "Oxford Brookes BusTests/Info.plist";
				LD_RUNPATH_SEARCH_PATHS = "$(inherited) @executable_path/Frameworks @loader_path/Frameworks";
				PRODUCT_NAME = "$(TARGET_NAME)";
			};
			name = Debug;
		};
		7FBE36321AE541640055D8CD /* Release */ = {
			isa = XCBuildConfiguration;
			baseConfigurationReference = 5D91B7B4CEDDF3429BCB831C /* Pods-Oxford Brookes BusTests.release.xcconfig */;
			buildSettings = {
				BUNDLE_LOADER = "$(TEST_HOST)";
				FRAMEWORK_SEARCH_PATHS = (
					"$(SDKROOT)/Developer/Library/Frameworks",
					"$(inherited)",
				);
				INFOPLIST_FILE = "Oxford Brookes BusTests/Info.plist";
				LD_RUNPATH_SEARCH_PATHS = "$(inherited) @executable_path/Frameworks @loader_path/Frameworks";
				PRODUCT_NAME = "$(TARGET_NAME)";
				"TEST_HOST[sdk=*]" = "";
			};
			name = Release;
		};
/* End XCBuildConfiguration section */

/* Begin XCConfigurationList section */
		7FBE36061AE541640055D8CD /* Build configuration list for PBXProject "Oxford Brookes Bus" */ = {
			isa = XCConfigurationList;
			buildConfigurations = (
				7FBE362B1AE541640055D8CD /* Debug */,
				7FBE362C1AE541640055D8CD /* Release */,
			);
			defaultConfigurationIsVisible = 0;
			defaultConfigurationName = Release;
		};
		7FBE362D1AE541640055D8CD /* Build configuration list for PBXNativeTarget "Oxford Brookes Bus" */ = {
			isa = XCConfigurationList;
			buildConfigurations = (
				7FBE362E1AE541640055D8CD /* Debug */,
				7FBE362F1AE541640055D8CD /* Release */,
			);
			defaultConfigurationIsVisible = 0;
			defaultConfigurationName = Release;
		};
		7FBE36301AE541640055D8CD /* Build configuration list for PBXNativeTarget "Oxford Brookes BusTests" */ = {
			isa = XCConfigurationList;
			buildConfigurations = (
				7FBE36311AE541640055D8CD /* Debug */,
				7FBE36321AE541640055D8CD /* Release */,
			);
			defaultConfigurationIsVisible = 0;
			defaultConfigurationName = Release;
		};
/* End XCConfigurationList section */

/* Begin XCVersionGroup section */
		7FBE36121AE541640055D8CD /* Oxford_Brookes_Bus.xcdatamodeld */ = {
			isa = XCVersionGroup;
			children = (
				7FBE36131AE541640055D8CD /* Oxford_Brookes_Bus.xcdatamodel */,
			);
			currentVersion = 7FBE36131AE541640055D8CD /* Oxford_Brookes_Bus.xcdatamodel */;
			path = Oxford_Brookes_Bus.xcdatamodeld;
			sourceTree = "<group>";
			versionGroupType = wrapper.xcdatamodel;
		};
/* End XCVersionGroup section */
	};
	rootObject = 7FBE36031AE541640055D8CD /* Project object */;
}
